
Microsoft Visual Studio Solution File, Format Version 12.00
# Visual Studio Version 17
VisualStudioVersion = 17.10.35122.118
MinimumVisualStudioVersion = 10.0.40219.1
Project("{FAE04EC0-301F-11D3-BF4B-00C04F79EFBC}") = "ARFA.GUI", "Source\ARFA.GUI\ARFA.GUI.csproj", "{DEE91628-834A-4E76-B162-2A65F6D6C8CD}"
EndProject
Project("{9A19103F-16F7-4668-BE54-9A1E7A4F7556}") = "RIVS.ASAK.UIElements", "Source\CommonVisualElements\UIElements\RIVS.ASAK.UIElements.csproj", "{04BC71F8-CB26-443C-8797-493C154BBC91}"
EndProject
Project("{9A19103F-16F7-4668-BE54-9A1E7A4F7556}") = "RIVS.ASAK.Core.Logging", "Source\Core\RIVS.ASAK.Core.Logging\RIVS.ASAK.Core.Logging.csproj", "{A1C6C1D7-9B5E-4D0E-9862-637D42E19983}"
EndProject
Project("{2150E333-8FDC-42A3-9474-1A3956D46DE8}") = "CommonVisualElements", "CommonVisualElements", "{67C0DE7A-3627-4692-83D8-F266AEE2BB6D}"
EndProject
Project("{2150E333-8FDC-42A3-9474-1A3956D46DE8}") = "Core", "Core", "{705D8CAA-DD69-4D78-816D-721A361F084D}"
EndProject
Project("{9A19103F-16F7-4668-BE54-9A1E7A4F7556}") = "RIVS.ASAK.Core.AuthorizationService", "Source\Core\RIVS.ASAK.Core.AuthorizationService\RIVS.ASAK.Core.AuthorizationService.csproj", "{083EEE32-249B-48F1-8108-26749B87773B}"
EndProject
Project("{9A19103F-16F7-4668-BE54-9A1E7A4F7556}") = "RIVS.ASAK.Core.Contract", "Source\Core\RIVS.ASAK.Core.Contract\RIVS.ASAK.Core.Contract.csproj", "{973A2016-40AE-4604-B8E5-B62B73808C06}"
EndProject
Project("{9A19103F-16F7-4668-BE54-9A1E7A4F7556}") = "RIVS.ASAK.Core.Tools", "Source\Core\RIVS.ASAK.Core.Tools\RIVS.ASAK.Core.Tools.csproj", "{F2067C8A-499C-4753-A09A-9AFE23A2803B}"
EndProject
Project("{9A19103F-16F7-4668-BE54-9A1E7A4F7556}") = "RIVS.ASAK.Core.Infrastructure", "Source\Core\RIVS.ASAK.Core.Infrastructure\RIVS.ASAK.Core.Infrastructure.csproj", "{7AAB4332-05E6-4DCB-A507-5E3438FFAA79}"
EndProject
Project("{2150E333-8FDC-42A3-9474-1A3956D46DE8}") = "ModuleARFA", "ModuleARFA", "{69979A7B-3D3A-473E-B0C7-358D2B10436D}"
EndProject
Project("{9A19103F-16F7-4668-BE54-9A1E7A4F7556}") = "RIVS.ASAK.ARFA.Application", "Source\ModuleARFA\RIVS.ASAK.ARFA.Application\RIVS.ASAK.ARFA.Application.csproj", "{8D0CC80C-E7DD-4035-93CF-24E22B06AB3C}"
EndProject
Project("{2150E333-8FDC-42A3-9474-1A3956D46DE8}") = "Application", "Application", "{991493C3-305E-4C30-AC10-569C81DDC1A0}"
EndProject
Global
	GlobalSection(SolutionConfigurationPlatforms) = preSolution
		Debug|Any CPU = Debug|Any CPU
		Release|Any CPU = Release|Any CPU
	EndGlobalSection
	GlobalSection(ProjectConfigurationPlatforms) = postSolution
		{DEE91628-834A-4E76-B162-2A65F6D6C8CD}.Debug|Any CPU.ActiveCfg = Debug|Any CPU
		{DEE91628-834A-4E76-B162-2A65F6D6C8CD}.Debug|Any CPU.Build.0 = Debug|Any CPU
		{DEE91628-834A-4E76-B162-2A65F6D6C8CD}.Release|Any CPU.ActiveCfg = Release|Any CPU
		{DEE91628-834A-4E76-B162-2A65F6D6C8CD}.Release|Any CPU.Build.0 = Release|Any CPU
		{04BC71F8-CB26-443C-8797-493C154BBC91}.Debug|Any CPU.ActiveCfg = Debug|Any CPU
		{04BC71F8-CB26-443C-8797-493C154BBC91}.Debug|Any CPU.Build.0 = Debug|Any CPU
		{04BC71F8-CB26-443C-8797-493C154BBC91}.Release|Any CPU.ActiveCfg = Release|Any CPU
		{04BC71F8-CB26-443C-8797-493C154BBC91}.Release|Any CPU.Build.0 = Release|Any CPU
		{A1C6C1D7-9B5E-4D0E-9862-637D42E19983}.Debug|Any CPU.ActiveCfg = Debug|Any CPU
		{A1C6C1D7-9B5E-4D0E-9862-637D42E19983}.Debug|Any CPU.Build.0 = Debug|Any CPU
		{A1C6C1D7-9B5E-4D0E-9862-637D42E19983}.Release|Any CPU.ActiveCfg = Release|Any CPU
		{A1C6C1D7-9B5E-4D0E-9862-637D42E19983}.Release|Any CPU.Build.0 = Release|Any CPU
		{083EEE32-249B-48F1-8108-26749B87773B}.Debug|Any CPU.ActiveCfg = Debug|Any CPU
		{083EEE32-249B-48F1-8108-26749B87773B}.Debug|Any CPU.Build.0 = Debug|Any CPU
		{083EEE32-249B-48F1-8108-26749B87773B}.Release|Any CPU.ActiveCfg = Release|Any CPU
		{083EEE32-249B-48F1-8108-26749B87773B}.Release|Any CPU.Build.0 = Release|Any CPU
		{973A2016-40AE-4604-B8E5-B62B73808C06}.Debug|Any CPU.ActiveCfg = Debug|Any CPU
		{973A2016-40AE-4604-B8E5-B62B73808C06}.Debug|Any CPU.Build.0 = Debug|Any CPU
		{973A2016-40AE-4604-B8E5-B62B73808C06}.Release|Any CPU.ActiveCfg = Release|Any CPU
		{973A2016-40AE-4604-B8E5-B62B73808C06}.Release|Any CPU.Build.0 = Release|Any CPU
		{F2067C8A-499C-4753-A09A-9AFE23A2803B}.Debug|Any CPU.ActiveCfg = Debug|Any CPU
		{F2067C8A-499C-4753-A09A-9AFE23A2803B}.Debug|Any CPU.Build.0 = Debug|Any CPU
		{F2067C8A-499C-4753-A09A-9AFE23A2803B}.Release|Any CPU.ActiveCfg = Release|Any CPU
		{F2067C8A-499C-4753-A09A-9AFE23A2803B}.Release|Any CPU.Build.0 = Release|Any CPU
		{7AAB4332-05E6-4DCB-A507-5E3438FFAA79}.Debug|Any CPU.ActiveCfg = Debug|Any CPU
		{7AAB4332-05E6-4DCB-A507-5E3438FFAA79}.Debug|Any CPU.Build.0 = Debug|Any CPU
		{7AAB4332-05E6-4DCB-A507-5E3438FFAA79}.Release|Any CPU.ActiveCfg = Release|Any CPU
		{7AAB4332-05E6-4DCB-A507-5E3438FFAA79}.Release|Any CPU.Build.0 = Release|Any CPU
		{8D0CC80C-E7DD-4035-93CF-24E22B06AB3C}.Debug|Any CPU.ActiveCfg = Debug|Any CPU
		{8D0CC80C-E7DD-4035-93CF-24E22B06AB3C}.Debug|Any CPU.Build.0 = Debug|Any CPU
		{8D0CC80C-E7DD-4035-93CF-24E22B06AB3C}.Release|Any CPU.ActiveCfg = Release|Any CPU
		{8D0CC80C-E7DD-4035-93CF-24E22B06AB3C}.Release|Any CPU.Build.0 = Release|Any CPU
	EndGlobalSection
	GlobalSection(SolutionProperties) = preSolution
		HideSolutionNode = FALSE
	EndGlobalSection
	GlobalSection(NestedProjects) = preSolution
		{DEE91628-834A-4E76-B162-2A65F6D6C8CD} = {991493C3-305E-4C30-AC10-569C81DDC1A0}
		{04BC71F8-CB26-443C-8797-493C154BBC91} = {67C0DE7A-3627-4692-83D8-F266AEE2BB6D}
		{A1C6C1D7-9B5E-4D0E-9862-637D42E19983} = {705D8CAA-DD69-4D78-816D-721A361F084D}
		{083EEE32-249B-48F1-8108-26749B87773B} = {705D8CAA-DD69-4D78-816D-721A361F084D}
		{973A2016-40AE-4604-B8E5-B62B73808C06} = {705D8CAA-DD69-4D78-816D-721A361F084D}
		{F2067C8A-499C-4753-A09A-9AFE23A2803B} = {705D8CAA-DD69-4D78-816D-721A361F084D}
		{7AAB4332-05E6-4DCB-A507-5E3438FFAA79} = {705D8CAA-DD69-4D78-816D-721A361F084D}
		{8D0CC80C-E7DD-4035-93CF-24E22B06AB3C} = {69979A7B-3D3A-473E-B0C7-358D2B10436D}
	EndGlobalSection
	GlobalSection(ExtensibilityGlobals) = postSolution
		SolutionGuid = {BACBBE2C-7B46-4CB0-8106-C7673BFA9999}
	EndGlobalSection
EndGlobal
